
Microsoft Visual Studio Solution File, Format Version 12.00
# Visual Studio Version 16
VisualStudioVersion = 16.0.31829.152
MinimumVisualStudioVersion = 10.0.40219.1
Project("{FAE04EC0-301F-11D3-BF4B-00C04F79EFBC}") = "Examen_AGG", "Examen_AGG\Examen_AGG.csproj", "{6F819E3F-206A-4EE1-94CA-A73F4C4CC91A}"
EndProject
Global
	GlobalSection(SolutionConfigurationPlatforms) = preSolution
		Debug|Any CPU = Debug|Any CPU
		Release|Any CPU = Release|Any CPU
	EndGlobalSection
	GlobalSection(ProjectConfigurationPlatforms) = postSolution
		{6F819E3F-206A-4EE1-94CA-A73F4C4CC91A}.Debug|Any CPU.ActiveCfg = Debug|Any CPU
		{6F819E3F-206A-4EE1-94CA-A73F4C4CC91A}.Debug|Any CPU.Build.0 = Debug|Any CPU
		{6F819E3F-206A-4EE1-94CA-A73F4C4CC91A}.Release|Any CPU.ActiveCfg = Release|Any CPU
		{6F819E3F-206A-4EE1-94CA-A73F4C4CC91A}.Release|Any CPU.Build.0 = Release|Any CPU
	EndGlobalSection
	GlobalSection(SolutionProperties) = preSolution
		HideSolutionNode = FALSE
	EndGlobalSection
	GlobalSection(ExtensibilityGlobals) = postSolution
		SolutionGuid = {C3B6EF08-914B-4FB1-8B54-DCB6F489FC34}
	EndGlobalSection
EndGlobal
